
Microsoft Visual Studio Solution File, Format Version 12.00
# Visual Studio 15
VisualStudioVersion = 15.0.28307.705
MinimumVisualStudioVersion = 10.0.40219.1
Project("{9A19103F-16F7-4668-BE54-9A1E7A4F7556}") = "AuthorizationServer", "AuthorizationServer\AuthorizationServer.csproj", "{6811D8DB-E1C6-43B8-B2A1-5DD360834927}"
EndProject
Project("{9A19103F-16F7-4668-BE54-9A1E7A4F7556}") = "ClientCredentialsDemo", "MvcClient\ClientCredentialsDemo.csproj", "{F744D1E8-E7D1-41DA-AD61-97A1C268987F}"
EndProject
Project("{9A19103F-16F7-4668-BE54-9A1E7A4F7556}") = "ImplictClient", "ImplictClient\ImplictClient.csproj", "{8D52B284-1D87-429C-82D2-D96004FE3034}"
EndProject
Project("{9A19103F-16F7-4668-BE54-9A1E7A4F7556}") = "OcelotDemo", "OcelotDemo\OcelotDemo.csproj", "{96E1DFAD-D0CF-484A-B482-1E8E11E508F0}"
EndProject
Project("{9A19103F-16F7-4668-BE54-9A1E7A4F7556}") = "PasswordDemo", "PasswordDemo\PasswordDemo.csproj", "{20B82321-8109-4EB7-96C8-3DD3EC82AA00}"
EndProject
Project("{FAE04EC0-301F-11D3-BF4B-00C04F79EFBC}") = "AuthorizeCodeClient", "AuthorizeCodeClient\AuthorizeCodeClient.csproj", "{61CB913F-BB1D-4FD4-8492-EE79A9A0F5AD}"
EndProject
Global
	GlobalSection(SolutionConfigurationPlatforms) = preSolution
		Debug|Any CPU = Debug|Any CPU
		Release|Any CPU = Release|Any CPU
	EndGlobalSection
	GlobalSection(ProjectConfigurationPlatforms) = postSolution
		{6811D8DB-E1C6-43B8-B2A1-5DD360834927}.Debug|Any CPU.ActiveCfg = Debug|Any CPU
		{6811D8DB-E1C6-43B8-B2A1-5DD360834927}.Debug|Any CPU.Build.0 = Debug|Any CPU
		{6811D8DB-E1C6-43B8-B2A1-5DD360834927}.Release|Any CPU.ActiveCfg = Release|Any CPU
		{6811D8DB-E1C6-43B8-B2A1-5DD360834927}.Release|Any CPU.Build.0 = Release|Any CPU
		{F744D1E8-E7D1-41DA-AD61-97A1C268987F}.Debug|Any CPU.ActiveCfg = Debug|Any CPU
		{F744D1E8-E7D1-41DA-AD61-97A1C268987F}.Debug|Any CPU.Build.0 = Debug|Any CPU
		{F744D1E8-E7D1-41DA-AD61-97A1C268987F}.Release|Any CPU.ActiveCfg = Release|Any CPU
		{F744D1E8-E7D1-41DA-AD61-97A1C268987F}.Release|Any CPU.Build.0 = Release|Any CPU
		{8D52B284-1D87-429C-82D2-D96004FE3034}.Debug|Any CPU.ActiveCfg = Debug|Any CPU
		{8D52B284-1D87-429C-82D2-D96004FE3034}.Debug|Any CPU.Build.0 = Debug|Any CPU
		{8D52B284-1D87-429C-82D2-D96004FE3034}.Release|Any CPU.ActiveCfg = Release|Any CPU
		{8D52B284-1D87-429C-82D2-D96004FE3034}.Release|Any CPU.Build.0 = Release|Any CPU
		{96E1DFAD-D0CF-484A-B482-1E8E11E508F0}.Debug|Any CPU.ActiveCfg = Debug|Any CPU
		{96E1DFAD-D0CF-484A-B482-1E8E11E508F0}.Debug|Any CPU.Build.0 = Debug|Any CPU
		{96E1DFAD-D0CF-484A-B482-1E8E11E508F0}.Release|Any CPU.ActiveCfg = Release|Any CPU
		{96E1DFAD-D0CF-484A-B482-1E8E11E508F0}.Release|Any CPU.Build.0 = Release|Any CPU
		{20B82321-8109-4EB7-96C8-3DD3EC82AA00}.Debug|Any CPU.ActiveCfg = Debug|Any CPU
		{20B82321-8109-4EB7-96C8-3DD3EC82AA00}.Debug|Any CPU.Build.0 = Debug|Any CPU
		{20B82321-8109-4EB7-96C8-3DD3EC82AA00}.Release|Any CPU.ActiveCfg = Release|Any CPU
		{20B82321-8109-4EB7-96C8-3DD3EC82AA00}.Release|Any CPU.Build.0 = Release|Any CPU
		{61CB913F-BB1D-4FD4-8492-EE79A9A0F5AD}.Debug|Any CPU.ActiveCfg = Debug|Any CPU
		{61CB913F-BB1D-4FD4-8492-EE79A9A0F5AD}.Debug|Any CPU.Build.0 = Debug|Any CPU
		{61CB913F-BB1D-4FD4-8492-EE79A9A0F5AD}.Release|Any CPU.ActiveCfg = Release|Any CPU
		{61CB913F-BB1D-4FD4-8492-EE79A9A0F5AD}.Release|Any CPU.Build.0 = Release|Any CPU
	EndGlobalSection
	GlobalSection(SolutionProperties) = preSolution
		HideSolutionNode = FALSE
	EndGlobalSection
	GlobalSection(ExtensibilityGlobals) = postSolution
		SolutionGuid = {93D71C25-F435-44F2-B55C-6AF21AD2864F}
	EndGlobalSection
EndGlobal
